# This file was autogenerated by Stack.
# You should not edit this file by hand.
# For more information, please see the documentation at:
#   https://docs.haskellstack.org/en/stable/lock_files

packages:
- completed:
    hackage: natural-numbers-0.1.2.0@sha256:0fcbe1220979b83fa612fca73a1adb1a99ff43c84f9652b3ff32b2323309b43c,1407
    pantry-tree:
      size: 220
      sha256: bd4beb677280f4586265c5657ab4e4a599c16f9e624df43d8edda6bf1e46dcdf
  original:
    hackage: natural-numbers-0.1.2.0@sha256:0fcbe1220979b83fa612fca73a1adb1a99ff43c84f9652b3ff32b2323309b43c,1407
snapshots:
- completed:
    size: 491373
    url: https://raw.githubusercontent.com/commercialhaskell/stackage-snapshots/master/lts/15/3.yaml
    sha256: 29e9ff61b8bf4b4fcff55cde3ac106ebb971f0d21331dccac9eee63374fa6ca8
  original: lts-15.3
